
Microsoft Visual Studio Solution File, Format Version 12.00
# Visual Studio Version 16
VisualStudioVersion = 16.0.32602.291
MinimumVisualStudioVersion = 10.0.40219.1
Project("{FAE04EC0-301F-11D3-BF4B-00C04F79EFBC}") = "Recursive Sum", "Recursive Sum.csproj", "{FE36203F-E9DA-4623-B7AA-C7DB60632595}"
EndProject
Project("{FAE04EC0-301F-11D3-BF4B-00C04F79EFBC}") = "Recursive Factorial", "..\Recursive Factorial\Recursive Factorial.csproj", "{415C8DD3-5902-4CE3-A2AD-04599517051B}"
EndProject
Global
	GlobalSection(SolutionConfigurationPlatforms) = preSolution
		Debug|Any CPU = Debug|Any CPU
		Release|Any CPU = Release|Any CPU
	EndGlobalSection
	GlobalSection(ProjectConfigurationPlatforms) = postSolution
		{FE36203F-E9DA-4623-B7AA-C7DB60632595}.Debug|Any CPU.ActiveCfg = Debug|Any CPU
		{FE36203F-E9DA-4623-B7AA-C7DB60632595}.Debug|Any CPU.Build.0 = Debug|Any CPU
		{FE36203F-E9DA-4623-B7AA-C7DB60632595}.Release|Any CPU.ActiveCfg = Release|Any CPU
		{FE36203F-E9DA-4623-B7AA-C7DB60632595}.Release|Any CPU.Build.0 = Release|Any CPU
		{415C8DD3-5902-4CE3-A2AD-04599517051B}.Debug|Any CPU.ActiveCfg = Debug|Any CPU
		{415C8DD3-5902-4CE3-A2AD-04599517051B}.Debug|Any CPU.Build.0 = Debug|Any CPU
		{415C8DD3-5902-4CE3-A2AD-04599517051B}.Release|Any CPU.ActiveCfg = Release|Any CPU
		{415C8DD3-5902-4CE3-A2AD-04599517051B}.Release|Any CPU.Build.0 = Release|Any CPU
	EndGlobalSection
	GlobalSection(SolutionProperties) = preSolution
		HideSolutionNode = FALSE
	EndGlobalSection
	GlobalSection(ExtensibilityGlobals) = postSolution
		SolutionGuid = {8EF8B05B-64EA-40DD-B9E3-A72F46D7AF4E}
	EndGlobalSection
EndGlobal
